
Microsoft Visual Studio Solution File, Format Version 12.00
# Visual Studio Version 17
Project("{8BC9CEB8-8B4A-11D0-8D11-00A0C91BC942}") = "ALL_BUILD", "ALL_BUILD.vcxproj", "{78DF804D-4157-3FC9-9AE7-0B3E09C104D0}"
	ProjectSection(ProjectDependencies) = postProject
		{44C09AAE-BEBD-3860-A7AF-679C9F502EF6} = {44C09AAE-BEBD-3860-A7AF-679C9F502EF6}
		{17A3591A-80A1-321E-AFFE-87499901A65F} = {17A3591A-80A1-321E-AFFE-87499901A65F}
	EndProjectSection
EndProject
Project("{8BC9CEB8-8B4A-11D0-8D11-00A0C91BC942}") = "PerchEngine", "PerchEngine.vcxproj", "{44C09AAE-BEBD-3860-A7AF-679C9F502EF6}"
	ProjectSection(ProjectDependencies) = postProject
		{17A3591A-80A1-321E-AFFE-87499901A65F} = {17A3591A-80A1-321E-AFFE-87499901A65F}
	EndProjectSection
EndProject
Project("{8BC9CEB8-8B4A-11D0-8D11-00A0C91BC942}") = "ZERO_CHECK", "ZERO_CHECK.vcxproj", "{17A3591A-80A1-321E-AFFE-87499901A65F}"
	ProjectSection(ProjectDependencies) = postProject
	EndProjectSection
EndProject
Global
	GlobalSection(SolutionConfigurationPlatforms) = preSolution
		Debug|x64 = Debug|x64
		Release|x64 = Release|x64
		MinSizeRel|x64 = MinSizeRel|x64
		RelWithDebInfo|x64 = RelWithDebInfo|x64
	EndGlobalSection
	GlobalSection(ProjectConfigurationPlatforms) = postSolution
		{78DF804D-4157-3FC9-9AE7-0B3E09C104D0}.Debug|x64.ActiveCfg = Debug|x64
		{78DF804D-4157-3FC9-9AE7-0B3E09C104D0}.Release|x64.ActiveCfg = Release|x64
		{78DF804D-4157-3FC9-9AE7-0B3E09C104D0}.MinSizeRel|x64.ActiveCfg = MinSizeRel|x64
		{78DF804D-4157-3FC9-9AE7-0B3E09C104D0}.RelWithDebInfo|x64.ActiveCfg = RelWithDebInfo|x64
		{44C09AAE-BEBD-3860-A7AF-679C9F502EF6}.Debug|x64.ActiveCfg = Debug|x64
		{44C09AAE-BEBD-3860-A7AF-679C9F502EF6}.Debug|x64.Build.0 = Debug|x64
		{44C09AAE-BEBD-3860-A7AF-679C9F502EF6}.Release|x64.ActiveCfg = Release|x64
		{44C09AAE-BEBD-3860-A7AF-679C9F502EF6}.Release|x64.Build.0 = Release|x64
		{44C09AAE-BEBD-3860-A7AF-679C9F502EF6}.MinSizeRel|x64.ActiveCfg = MinSizeRel|x64
		{44C09AAE-BEBD-3860-A7AF-679C9F502EF6}.MinSizeRel|x64.Build.0 = MinSizeRel|x64
		{44C09AAE-BEBD-3860-A7AF-679C9F502EF6}.RelWithDebInfo|x64.ActiveCfg = RelWithDebInfo|x64
		{44C09AAE-BEBD-3860-A7AF-679C9F502EF6}.RelWithDebInfo|x64.Build.0 = RelWithDebInfo|x64
		{17A3591A-80A1-321E-AFFE-87499901A65F}.Debug|x64.ActiveCfg = Debug|x64
		{17A3591A-80A1-321E-AFFE-87499901A65F}.Debug|x64.Build.0 = Debug|x64
		{17A3591A-80A1-321E-AFFE-87499901A65F}.Release|x64.ActiveCfg = Release|x64
		{17A3591A-80A1-321E-AFFE-87499901A65F}.Release|x64.Build.0 = Release|x64
		{17A3591A-80A1-321E-AFFE-87499901A65F}.MinSizeRel|x64.ActiveCfg = MinSizeRel|x64
		{17A3591A-80A1-321E-AFFE-87499901A65F}.MinSizeRel|x64.Build.0 = MinSizeRel|x64
		{17A3591A-80A1-321E-AFFE-87499901A65F}.RelWithDebInfo|x64.ActiveCfg = RelWithDebInfo|x64
		{17A3591A-80A1-321E-AFFE-87499901A65F}.RelWithDebInfo|x64.Build.0 = RelWithDebInfo|x64
	EndGlobalSection
	GlobalSection(ExtensibilityGlobals) = postSolution
		SolutionGuid = {033F1AAC-E25C-333D-B7D1-5823CA9C1A67}
	EndGlobalSection
	GlobalSection(ExtensibilityAddIns) = postSolution
	EndGlobalSection
EndGlobal
